
Microsoft Visual Studio Solution File, Format Version 12.00
# Visual Studio Express 2013 for Windows Desktop
VisualStudioVersion = 12.0.31101.0
MinimumVisualStudioVersion = 10.0.40219.1
Project("{8BC9CEB8-8B4A-11D0-8D11-00A0C91BC942}") = "OC13_mail-server", "OC13_mail-server\OC13_mail-server.vcxproj", "{7A7E27B6-139D-4C13-BB31-C9BCD8D6AD9F}"
EndProject
Global
	GlobalSection(SolutionConfigurationPlatforms) = preSolution
		Debug|Win32 = Debug|Win32
		Release|Win32 = Release|Win32
	EndGlobalSection
	GlobalSection(ProjectConfigurationPlatforms) = postSolution
		{7A7E27B6-139D-4C13-BB31-C9BCD8D6AD9F}.Debug|Win32.ActiveCfg = Debug|Win32
		{7A7E27B6-139D-4C13-BB31-C9BCD8D6AD9F}.Debug|Win32.Build.0 = Debug|Win32
		{7A7E27B6-139D-4C13-BB31-C9BCD8D6AD9F}.Release|Win32.ActiveCfg = Release|Win32
		{7A7E27B6-139D-4C13-BB31-C9BCD8D6AD9F}.Release|Win32.Build.0 = Release|Win32
	EndGlobalSection
	GlobalSection(SolutionProperties) = preSolution
		HideSolutionNode = FALSE
	EndGlobalSection
EndGlobal
